
Microsoft Visual Studio Solution File, Format Version 12.00
# Visual Studio 14
VisualStudioVersion = 14.0.25420.1
MinimumVisualStudioVersion = 10.0.40219.1
Project("{FAE04EC0-301F-11D3-BF4B-00C04F79EFBC}") = "Angular_WS", "Angular_WS\Angular_WS.csproj", "{F8BD0E8F-8E31-4E3D-94F7-141F14DCC6F4}"
EndProject
Project("{FAE04EC0-301F-11D3-BF4B-00C04F79EFBC}") = "AngularFront", "AngularFront\AngularFront.csproj", "{1B6C12B1-BC61-40D1-868B-A17A718FB56A}"
EndProject
Project("{2150E333-8FDC-42A3-9474-1A3956D46DE8}") = "APIPlu", "APIPlu", "{AA222690-7197-4760-A8F2-EEDC848BD956}"
EndProject
Project("{FAE04EC0-301F-11D3-BF4B-00C04F79EFBC}") = "WebAPP", "WebAPP\WebAPP.csproj", "{C0169FF6-3392-41F8-8D27-F9F1D5F0D221}"
EndProject
Global
	GlobalSection(SolutionConfigurationPlatforms) = preSolution
		Debug|Any CPU = Debug|Any CPU
		Release|Any CPU = Release|Any CPU
	EndGlobalSection
	GlobalSection(ProjectConfigurationPlatforms) = postSolution
		{F8BD0E8F-8E31-4E3D-94F7-141F14DCC6F4}.Debug|Any CPU.ActiveCfg = Debug|Any CPU
		{F8BD0E8F-8E31-4E3D-94F7-141F14DCC6F4}.Debug|Any CPU.Build.0 = Debug|Any CPU
		{F8BD0E8F-8E31-4E3D-94F7-141F14DCC6F4}.Release|Any CPU.ActiveCfg = Release|Any CPU
		{F8BD0E8F-8E31-4E3D-94F7-141F14DCC6F4}.Release|Any CPU.Build.0 = Release|Any CPU
		{1B6C12B1-BC61-40D1-868B-A17A718FB56A}.Debug|Any CPU.ActiveCfg = Debug|Any CPU
		{1B6C12B1-BC61-40D1-868B-A17A718FB56A}.Debug|Any CPU.Build.0 = Debug|Any CPU
		{1B6C12B1-BC61-40D1-868B-A17A718FB56A}.Release|Any CPU.ActiveCfg = Release|Any CPU
		{1B6C12B1-BC61-40D1-868B-A17A718FB56A}.Release|Any CPU.Build.0 = Release|Any CPU
		{C0169FF6-3392-41F8-8D27-F9F1D5F0D221}.Debug|Any CPU.ActiveCfg = Debug|Any CPU
		{C0169FF6-3392-41F8-8D27-F9F1D5F0D221}.Debug|Any CPU.Build.0 = Debug|Any CPU
		{C0169FF6-3392-41F8-8D27-F9F1D5F0D221}.Release|Any CPU.ActiveCfg = Release|Any CPU
		{C0169FF6-3392-41F8-8D27-F9F1D5F0D221}.Release|Any CPU.Build.0 = Release|Any CPU
	EndGlobalSection
	GlobalSection(SolutionProperties) = preSolution
		HideSolutionNode = FALSE
	EndGlobalSection
	GlobalSection(NestedProjects) = preSolution
		{C0169FF6-3392-41F8-8D27-F9F1D5F0D221} = {AA222690-7197-4760-A8F2-EEDC848BD956}
	EndGlobalSection
EndGlobal
